
Microsoft Visual Studio Solution File, Format Version 12.00
# Visual Studio 15
VisualStudioVersion = 15.0.27703.2026
MinimumVisualStudioVersion = 10.0.40219.1
Project("{9A19103F-16F7-4668-BE54-9A1E7A4F7556}") = "ASPNET-WebApp-Template.Web", "ASPNET-WebApp-Template.Web\ASPNET-WebApp-Template.Web.csproj", "{AD1306D4-55E5-4556-BEA6-8A4DB386668E}"
EndProject
Project("{9A19103F-16F7-4668-BE54-9A1E7A4F7556}") = "ASPNET-WebApp-Template.Core", "ASPNET-WebApp-Template.Core\ASPNET-WebApp-Template.Core.csproj", "{A7F13A05-6D05-4695-8A08-87E5DD33E672}"
EndProject
Project("{9A19103F-16F7-4668-BE54-9A1E7A4F7556}") = "ASPNET-WebApp-Template.Infrastructure", "ASPNET-WebApp-Template.Infrastructure\ASPNET-WebApp-Template.Infrastructure.csproj", "{A89B948C-BEC9-47C3-B65A-2D41FA8F584A}"
EndProject
Project("{2150E333-8FDC-42A3-9474-1A3956D46DE8}") = "Solution Items", "Solution Items", "{4CAF728C-AB85-4014-8631-A9F41D749A42}"
	ProjectSection(SolutionItems) = preProject
		.gitattributes = .gitattributes
		.gitignore = .gitignore
		LICENSE = LICENSE
		README.md = README.md
	EndProjectSection
EndProject
Global
	GlobalSection(SolutionConfigurationPlatforms) = preSolution
		Debug|Any CPU = Debug|Any CPU
		Release|Any CPU = Release|Any CPU
	EndGlobalSection
	GlobalSection(ProjectConfigurationPlatforms) = postSolution
		{AD1306D4-55E5-4556-BEA6-8A4DB386668E}.Debug|Any CPU.ActiveCfg = Debug|Any CPU
		{AD1306D4-55E5-4556-BEA6-8A4DB386668E}.Debug|Any CPU.Build.0 = Debug|Any CPU
		{AD1306D4-55E5-4556-BEA6-8A4DB386668E}.Release|Any CPU.ActiveCfg = Release|Any CPU
		{AD1306D4-55E5-4556-BEA6-8A4DB386668E}.Release|Any CPU.Build.0 = Release|Any CPU
		{A7F13A05-6D05-4695-8A08-87E5DD33E672}.Debug|Any CPU.ActiveCfg = Debug|Any CPU
		{A7F13A05-6D05-4695-8A08-87E5DD33E672}.Debug|Any CPU.Build.0 = Debug|Any CPU
		{A7F13A05-6D05-4695-8A08-87E5DD33E672}.Release|Any CPU.ActiveCfg = Release|Any CPU
		{A7F13A05-6D05-4695-8A08-87E5DD33E672}.Release|Any CPU.Build.0 = Release|Any CPU
		{A89B948C-BEC9-47C3-B65A-2D41FA8F584A}.Debug|Any CPU.ActiveCfg = Debug|Any CPU
		{A89B948C-BEC9-47C3-B65A-2D41FA8F584A}.Debug|Any CPU.Build.0 = Debug|Any CPU
		{A89B948C-BEC9-47C3-B65A-2D41FA8F584A}.Release|Any CPU.ActiveCfg = Release|Any CPU
		{A89B948C-BEC9-47C3-B65A-2D41FA8F584A}.Release|Any CPU.Build.0 = Release|Any CPU
	EndGlobalSection
	GlobalSection(SolutionProperties) = preSolution
		HideSolutionNode = FALSE
	EndGlobalSection
	GlobalSection(ExtensibilityGlobals) = postSolution
		SolutionGuid = {42E97398-D799-421A-9693-BF5608AE45BF}
	EndGlobalSection
EndGlobal
